// !$*UTF8*$!
{
	archiveVersion = 1;
	classes = {
	};
	objectVersion = 46;
	objects = {

/* Begin PBXBuildFile section */
		058F79131EC5F7DB007CFF3A /* libShellKit-Static.a in Frameworks */ = {isa = PBXBuildFile; fileRef = 058F79101EC5F7C8007CFF3A /* libShellKit-Static.a */; };
		058F791A1EC60D3D007CFF3A /* THXActions.m in Sources */ = {isa = PBXBuildFile; fileRef = 058F79191EC60D3D007CFF3A /* THXActions.m */; };
		058F791D1EC60DAD007CFF3A /* THXStaticClass.m in Sources */ = {isa = PBXBuildFile; fileRef = 058F791C1EC60DAD007CFF3A /* THXStaticClass.m */; };
		058F79201EC60DFF007CFF3A /* THXSetupTasks.m in Sources */ = {isa = PBXBuildFile; fileRef = 058F791F1EC60DFF007CFF3A /* THXSetupTasks.m */; };
		05C35D801EC38B2D00F373E7 /* THX.m in Sources */ = {isa = PBXBuildFile; fileRef = 05C35D7F1EC38B2D00F373E7 /* THX.m */; };
		05C35D8B1EC3D0F500F373E7 /* libcurses.tbd in Frameworks */ = {isa = PBXBuildFile; fileRef = 05C35D8A1EC3D0F500F373E7 /* libcurses.tbd */; };
		05CFB82D1EC30AF70020A075 /* Cocoa.framework in Frameworks */ = {isa = PBXBuildFile; fileRef = 05CFB82C1EC30AF70020A075 /* Cocoa.framework */; };
		05CFB8301EC30B0B0020A075 /* main.m in Sources */ = {isa = PBXBuildFile; fileRef = 05CFB82F1EC30B0B0020A075 /* main.m */; };
		05CFB8341EC30DEE0020A075 /* THXArguments.m in Sources */ = {isa = PBXBuildFile; fileRef = 05CFB8331EC30DEE0020A075 /* THXArguments.m */; };
/* End PBXBuildFile section */

/* Begin PBXContainerItemProxy section */
		058F790D1EC5F7C8007CFF3A /* PBXContainerItemProxy */ = {
			isa = PBXContainerItemProxy;
			containerPortal = 058F79071EC5F7C8007CFF3A /* ShellKit.xcodeproj */;
			proxyType = 2;
			remoteGlobalIDString = 054BFFEE1EC4E60B0032B500;
			remoteInfo = ShellKit;
		};
		058F790F1EC5F7C8007CFF3A /* PBXContainerItemProxy */ = {
			isa = PBXContainerItemProxy;
			containerPortal = 058F79071EC5F7C8007CFF3A /* ShellKit.xcodeproj */;
			proxyType = 2;
			remoteGlobalIDString = 054BFFFB1EC4E6670032B500;
			remoteInfo = "ShellKit-Static";
		};
		058F79111EC5F7C8007CFF3A /* PBXContainerItemProxy */ = {
			isa = PBXContainerItemProxy;
			containerPortal = 058F79071EC5F7C8007CFF3A /* ShellKit.xcodeproj */;
			proxyType = 2;
			remoteGlobalIDString = 05CF703A1EC4FE2C00A39841;
			remoteInfo = "ShellKit-Test";
		};
		058F79141EC5F80E007CFF3A /* PBXContainerItemProxy */ = {
			isa = PBXContainerItemProxy;
			containerPortal = 058F79071EC5F7C8007CFF3A /* ShellKit.xcodeproj */;
			proxyType = 1;
			remoteGlobalIDString = 054BFFFA1EC4E6670032B500;
			remoteInfo = "ShellKit-Static";
		};
/* End PBXContainerItemProxy section */

/* Begin PBXCopyFilesBuildPhase section */
		055FBCB21E83D9D7001301A9 /* CopyFiles */ = {
			isa = PBXCopyFilesBuildPhase;
			buildActionMask = 2147483647;
			dstPath = /usr/share/man/man1/;
			dstSubfolderSpec = 0;
			files = (
			);
			runOnlyForDeploymentPostprocessing = 1;
		};
/* End PBXCopyFilesBuildPhase section */

/* Begin PBXFileReference section */
		05110D041C1F121C00EE6851 /* LICENSE */ = {isa = PBXFileReference; fileEncoding = 4; lastKnownFileType = text; path = LICENSE; sourceTree = "<group>"; };
		05110D051C1F121C00EE6851 /* README.md */ = {isa = PBXFileReference; fileEncoding = 4; lastKnownFileType = net.daringfireball.markdown; path = README.md; sourceTree = "<group>"; };
		055FBCB41E83D9D7001301A9 /* thx */ = {isa = PBXFileReference; explicitFileType = "compiled.mach-o.executable"; includeInIndex = 0; path = thx; sourceTree = BUILT_PRODUCTS_DIR; };
		058F79071EC5F7C8007CFF3A /* ShellKit.xcodeproj */ = {isa = PBXFileReference; lastKnownFileType = "wrapper.pb-project"; name = ShellKit.xcodeproj; path = Submodules/ShellKit/ShellKit.xcodeproj; sourceTree = "<group>"; };
		058F79181EC60D3D007CFF3A /* THXActions.h */ = {isa = PBXFileReference; fileEncoding = 4; lastKnownFileType = sourcecode.c.h; path = THXActions.h; sourceTree = "<group>"; };
		058F79191EC60D3D007CFF3A /* THXActions.m */ = {isa = PBXFileReference; fileEncoding = 4; lastKnownFileType = sourcecode.c.objc; path = THXActions.m; sourceTree = "<group>"; };
		058F791B1EC60DAD007CFF3A /* THXStaticClass.h */ = {isa = PBXFileReference; fileEncoding = 4; lastKnownFileType = sourcecode.c.h; path = THXStaticClass.h; sourceTree = "<group>"; };
		058F791C1EC60DAD007CFF3A /* THXStaticClass.m */ = {isa = PBXFileReference; fileEncoding = 4; lastKnownFileType = sourcecode.c.objc; path = THXStaticClass.m; sourceTree = "<group>"; };
		058F791E1EC60DFF007CFF3A /* THXSetupTasks.h */ = {isa = PBXFileReference; fileEncoding = 4; lastKnownFileType = sourcecode.c.h; path = THXSetupTasks.h; sourceTree = "<group>"; };
		058F791F1EC60DFF007CFF3A /* THXSetupTasks.m */ = {isa = PBXFileReference; fileEncoding = 4; lastKnownFileType = sourcecode.c.objc; path = THXSetupTasks.m; sourceTree = "<group>"; };
		05C35D7E1EC38B2D00F373E7 /* THX.h */ = {isa = PBXFileReference; fileEncoding = 4; lastKnownFileType = sourcecode.c.h; path = THX.h; sourceTree = "<group>"; };
		05C35D7F1EC38B2D00F373E7 /* THX.m */ = {isa = PBXFileReference; fileEncoding = 4; lastKnownFileType = sourcecode.c.objc; path = THX.m; sourceTree = "<group>"; };
		05C35D8A1EC3D0F500F373E7 /* libcurses.tbd */ = {isa = PBXFileReference; lastKnownFileType = "sourcecode.text-based-dylib-definition"; name = libcurses.tbd; path = usr/lib/libcurses.tbd; sourceTree = SDKROOT; };
		05CFB82C1EC30AF70020A075 /* Cocoa.framework */ = {isa = PBXFileReference; lastKnownFileType = wrapper.framework; name = Cocoa.framework; path = System/Library/Frameworks/Cocoa.framework; sourceTree = SDKROOT; };
		05CFB82F1EC30B0B0020A075 /* main.m */ = {isa = PBXFileReference; fileEncoding = 4; lastKnownFileType = sourcecode.c.objc; path = main.m; sourceTree = "<group>"; };
		05CFB8321EC30DEE0020A075 /* THXArguments.h */ = {isa = PBXFileReference; fileEncoding = 4; lastKnownFileType = sourcecode.c.h; path = THXArguments.h; sourceTree = "<group>"; };
		05CFB8331EC30DEE0020A075 /* THXArguments.m */ = {isa = PBXFileReference; fileEncoding = 4; lastKnownFileType = sourcecode.c.objc; path = THXArguments.m; sourceTree = "<group>"; };
/* End PBXFileReference section */

/* Begin PBXFrameworksBuildPhase section */
		055FBCB11E83D9D7001301A9 /* Frameworks */ = {
			isa = PBXFrameworksBuildPhase;
			buildActionMask = 2147483647;
			files = (
				058F79131EC5F7DB007CFF3A /* libShellKit-Static.a in Frameworks */,
				05C35D8B1EC3D0F500F373E7 /* libcurses.tbd in Frameworks */,
				05CFB82D1EC30AF70020A075 /* Cocoa.framework in Frameworks */,
			);
			runOnlyForDeploymentPostprocessing = 0;
		};
/* End PBXFrameworksBuildPhase section */

/* Begin PBXGroup section */
		050B83E21EB919CB0090EA12 /* Frameworks */ = {
			isa = PBXGroup;
			children = (
				05C35D8A1EC3D0F500F373E7 /* libcurses.tbd */,
				05CFB82C1EC30AF70020A075 /* Cocoa.framework */,
			);
			name = Frameworks;
			sourceTree = "<group>";
		};
		058F79081EC5F7C8007CFF3A /* Products */ = {
			isa = PBXGroup;
			children = (
				058F790E1EC5F7C8007CFF3A /* ShellKit.framework */,
				058F79101EC5F7C8007CFF3A /* libShellKit-Static.a */,
				058F79121EC5F7C8007CFF3A /* ShellKit-Test */,
			);
			name = Products;
			sourceTree = "<group>";
		};
		05BD89491A13FF4700A43CD8 = {
			isa = PBXGroup;
			children = (
				058F79071EC5F7C8007CFF3A /* ShellKit.xcodeproj */,
				05110D041C1F121C00EE6851 /* LICENSE */,
				05110D051C1F121C00EE6851 /* README.md */,
				05CFB82B1EC30ACD0020A075 /* thx */,
				05BD89531A13FF4700A43CD8 /* Products */,
				050B83E21EB919CB0090EA12 /* Frameworks */,
			);
			sourceTree = "<group>";
		};
		05BD89531A13FF4700A43CD8 /* Products */ = {
			isa = PBXGroup;
			children = (
				055FBCB41E83D9D7001301A9 /* thx */,
			);
			name = Products;
			sourceTree = "<group>";
		};
		05CFB82B1EC30ACD0020A075 /* thx */ = {
			isa = PBXGroup;
			children = (
				05CFB8311EC30DC40020A075 /* Classes */,
				05CFB82F1EC30B0B0020A075 /* main.m */,
			);
			path = thx;
			sourceTree = "<group>";
		};
		05CFB8311EC30DC40020A075 /* Classes */ = {
			isa = PBXGroup;
			children = (
				05C35D7E1EC38B2D00F373E7 /* THX.h */,
				05C35D7F1EC38B2D00F373E7 /* THX.m */,
				058F79181EC60D3D007CFF3A /* THXActions.h */,
				058F79191EC60D3D007CFF3A /* THXActions.m */,
				05CFB8321EC30DEE0020A075 /* THXArguments.h */,
				05CFB8331EC30DEE0020A075 /* THXArguments.m */,
				058F791E1EC60DFF007CFF3A /* THXSetupTasks.h */,
				058F791F1EC60DFF007CFF3A /* THXSetupTasks.m */,
				058F791B1EC60DAD007CFF3A /* THXStaticClass.h */,
				058F791C1EC60DAD007CFF3A /* THXStaticClass.m */,
			);
			path = Classes;
			sourceTree = "<group>";
		};
/* End PBXGroup section */

/* Begin PBXNativeTarget section */
		055FBCB31E83D9D7001301A9 /* thx */ = {
			isa = PBXNativeTarget;
			buildConfigurationList = 055FBCB81E83D9D7001301A9 /* Build configuration list for PBXNativeTarget "thx" */;
			buildPhases = (
				055FBCB01E83D9D7001301A9 /* Sources */,
				055FBCB11E83D9D7001301A9 /* Frameworks */,
				055FBCB21E83D9D7001301A9 /* CopyFiles */,
			);
			buildRules = (
			);
			dependencies = (
				058F79151EC5F80E007CFF3A /* PBXTargetDependency */,
			);
			name = thx;
			productName = Test;
			productReference = 055FBCB41E83D9D7001301A9 /* thx */;
			productType = "com.apple.product-type.tool";
		};
/* End PBXNativeTarget section */

/* Begin PBXProject section */
		05BD894A1A13FF4700A43CD8 /* Project object */ = {
			isa = PBXProject;
			attributes = {
				LastUpgradeCheck = 0820;
				ORGANIZATIONNAME = "XS-Labs";
				TargetAttributes = {
					055FBCB31E83D9D7001301A9 = {
						CreatedOnToolsVersion = 8.3;
						ProvisioningStyle = Automatic;
					};
				};
			};
			buildConfigurationList = 05BD894D1A13FF4700A43CD8 /* Build configuration list for PBXProject "thx" */;
			compatibilityVersion = "Xcode 3.2";
			developmentRegion = English;
			hasScannedForEncodings = 0;
			knownRegions = (
				en,
			);
			mainGroup = 05BD89491A13FF4700A43CD8;
			productRefGroup = 05BD89531A13FF4700A43CD8 /* Products */;
			projectDirPath = "";
			projectReferences = (
				{
					ProductGroup = 058F79081EC5F7C8007CFF3A /* Products */;
					ProjectRef = 058F79071EC5F7C8007CFF3A /* ShellKit.xcodeproj */;
				},
			);
			projectRoot = "";
			targets = (
				055FBCB31E83D9D7001301A9 /* thx */,
			);
		};
/* End PBXProject section */

/* Begin PBXReferenceProxy section */
		058F790E1EC5F7C8007CFF3A /* ShellKit.framework */ = {
			isa = PBXReferenceProxy;
			fileType = wrapper.framework;
			path = ShellKit.framework;
			remoteRef = 058F790D1EC5F7C8007CFF3A /* PBXContainerItemProxy */;
			sourceTree = BUILT_PRODUCTS_DIR;
		};
		058F79101EC5F7C8007CFF3A /* libShellKit-Static.a */ = {
			isa = PBXReferenceProxy;
			fileType = archive.ar;
			path = "libShellKit-Static.a";
			remoteRef = 058F790F1EC5F7C8007CFF3A /* PBXContainerItemProxy */;
			sourceTree = BUILT_PRODUCTS_DIR;
		};
		058F79121EC5F7C8007CFF3A /* ShellKit-Test */ = {
			isa = PBXReferenceProxy;
			fileType = "compiled.mach-o.executable";
			path = "ShellKit-Test";
			remoteRef = 058F79111EC5F7C8007CFF3A /* PBXContainerItemProxy */;
			sourceTree = BUILT_PRODUCTS_DIR;
		};
/* End PBXReferenceProxy section */

/* Begin PBXSourcesBuildPhase section */
		055FBCB01E83D9D7001301A9 /* Sources */ = {
			isa = PBXSourcesBuildPhase;
			buildActionMask = 2147483647;
			files = (
				058F791A1EC60D3D007CFF3A /* THXActions.m in Sources */,
				05CFB8301EC30B0B0020A075 /* main.m in Sources */,
				05CFB8341EC30DEE0020A075 /* THXArguments.m in Sources */,
				058F791D1EC60DAD007CFF3A /* THXStaticClass.m in Sources */,
				05C35D801EC38B2D00F373E7 /* THX.m in Sources */,
				058F79201EC60DFF007CFF3A /* THXSetupTasks.m in Sources */,
			);
			runOnlyForDeploymentPostprocessing = 0;
		};
/* End PBXSourcesBuildPhase section */

/* Begin PBXTargetDependency section */
		058F79151EC5F80E007CFF3A /* PBXTargetDependency */ = {
			isa = PBXTargetDependency;
			name = "ShellKit-Static";
			targetProxy = 058F79141EC5F80E007CFF3A /* PBXContainerItemProxy */;
		};
/* End PBXTargetDependency section */

/* Begin XCBuildConfiguration section */
		055FBCB91E83D9D7001301A9 /* Debug */ = {
			isa = XCBuildConfiguration;
			buildSettings = {
				CODE_SIGN_IDENTITY = "-";
				OTHER_LDFLAGS = (
					"-ObjC",
					"-all_load",
				);
				PRODUCT_NAME = "$(TARGET_NAME)";
				RUN_CLANG_STATIC_ANALYZER = NO;
			};
			name = Debug;
		};
		055FBCBA1E83D9D7001301A9 /* Release */ = {
			isa = XCBuildConfiguration;
			buildSettings = {
				CODE_SIGN_IDENTITY = "-";
				OTHER_LDFLAGS = (
					"-ObjC",
					"-all_load",
				);
				PRODUCT_NAME = "$(TARGET_NAME)";
				RUN_CLANG_STATIC_ANALYZER = NO;
			};
			name = Release;
		};
		05BD89571A13FF4700A43CD8 /* Debug */ = {
			isa = XCBuildConfiguration;
			buildSettings = {
				ALWAYS_SEARCH_USER_PATHS = NO;
				CLANG_ANALYZER_DEADCODE_DEADSTORES = YES;
				CLANG_ANALYZER_GCD = YES;
				CLANG_ANALYZER_LOCALIZABILITY_EMPTY_CONTEXT = YES;
				CLANG_ANALYZER_LOCALIZABILITY_NONLOCALIZED = YES;
				CLANG_ANALYZER_MEMORY_MANAGEMENT = YES;
				CLANG_ANALYZER_NONNULL = YES;
				CLANG_ANALYZER_NUMBER_OBJECT_CONVERSION = YES_AGGRESSIVE;
				CLANG_ANALYZER_OBJC_ATSYNC = YES;
				CLANG_ANALYZER_OBJC_COLLECTIONS = YES;
				CLANG_ANALYZER_OBJC_DEALLOC = YES;
				CLANG_ANALYZER_OBJC_GENERICS = YES;
				CLANG_ANALYZER_OBJC_INCOMP_METHOD_TYPES = YES;
				CLANG_ANALYZER_OBJC_NSCFERROR = YES;
				CLANG_ANALYZER_OBJC_RETAIN_COUNT = YES;
				CLANG_ANALYZER_OBJC_SELF_INIT = YES;
				CLANG_ANALYZER_OBJC_UNUSED_IVARS = YES;
				CLANG_ANALYZER_SECURITY_FLOATLOOPCOUNTER = YES;
				CLANG_ANALYZER_SECURITY_INSECUREAPI_GETPW_GETS = YES;
				CLANG_ANALYZER_SECURITY_INSECUREAPI_MKSTEMP = YES;
				CLANG_ANALYZER_SECURITY_INSECUREAPI_RAND = YES;
				CLANG_ANALYZER_SECURITY_INSECUREAPI_STRCPY = YES;
				CLANG_ANALYZER_SECURITY_INSECUREAPI_UNCHECKEDRETURN = YES;
				CLANG_ANALYZER_SECURITY_INSECUREAPI_VFORK = YES;
				CLANG_ANALYZER_SECURITY_KEYCHAIN_API = YES;
				CLANG_CXX_LANGUAGE_STANDARD = "c++0x";
				CLANG_CXX_LIBRARY = "libc++";
				CLANG_ENABLE_MODULES = NO;
				CLANG_ENABLE_OBJC_ARC = YES;
				CLANG_STATIC_ANALYZER_MODE = deep;
				CLANG_STATIC_ANALYZER_MODE_ON_ANALYZE_ACTION = deep;
				CLANG_WARN_ASSIGN_ENUM = YES;
				CLANG_WARN_BOOL_CONVERSION = YES;
				CLANG_WARN_CONSTANT_CONVERSION = YES;
				CLANG_WARN_CXX0X_EXTENSIONS = YES;
				CLANG_WARN_DEPRECATED_OBJC_IMPLEMENTATIONS = YES;
				CLANG_WARN_DIRECT_OBJC_ISA_USAGE = YES_ERROR;
				CLANG_WARN_DOCUMENTATION_COMMENTS = YES;
				CLANG_WARN_EMPTY_BODY = YES;
				CLANG_WARN_ENUM_CONVERSION = YES;
				CLANG_WARN_IMPLICIT_SIGN_CONVERSION = YES;
				CLANG_WARN_INFINITE_RECURSION = YES;
				CLANG_WARN_INT_CONVERSION = YES;
				CLANG_WARN_OBJC_EXPLICIT_OWNERSHIP_TYPE = YES;
				CLANG_WARN_OBJC_IMPLICIT_ATOMIC_PROPERTIES = YES;
				CLANG_WARN_OBJC_IMPLICIT_RETAIN_SELF = YES;
				CLANG_WARN_OBJC_MISSING_PROPERTY_SYNTHESIS = NO;
				CLANG_WARN_OBJC_REPEATED_USE_OF_WEAK = YES;
				CLANG_WARN_OBJC_ROOT_CLASS = YES_ERROR;
				CLANG_WARN_SUSPICIOUS_IMPLICIT_CONVERSION = YES;
				CLANG_WARN_SUSPICIOUS_MOVE = YES;
				CLANG_WARN_UNREACHABLE_CODE = YES;
				CLANG_WARN__ARC_BRIDGE_CAST_NONARC = YES;
				CLANG_WARN__DUPLICATE_METHOD_MATCH = YES;
				CLANG_WARN__EXIT_TIME_DESTRUCTORS = YES;
				COPY_PHASE_STRIP = NO;
				DEBUG_INFORMATION_FORMAT = dwarf;
				ENABLE_STRICT_OBJC_MSGSEND = YES;
				ENABLE_TESTABILITY = YES;
				GCC_C_LANGUAGE_STANDARD = c11;
				GCC_DYNAMIC_NO_PIC = NO;
				GCC_ENABLE_CPP_EXCEPTIONS = YES;
				GCC_ENABLE_CPP_RTTI = YES;
				GCC_NO_COMMON_BLOCKS = YES;
				GCC_OPTIMIZATION_LEVEL = 0;
				GCC_PREPROCESSOR_DEFINITIONS = (
					"DEBUG=1",
					"$(inherited)",
				);
				GCC_SYMBOLS_PRIVATE_EXTERN = NO;
				GCC_TREAT_IMPLICIT_FUNCTION_DECLARATIONS_AS_ERRORS = YES;
				GCC_TREAT_INCOMPATIBLE_POINTER_TYPE_WARNINGS_AS_ERRORS = YES;
				GCC_TREAT_WARNINGS_AS_ERRORS = YES;
				GCC_WARN_64_TO_32_BIT_CONVERSION = YES;
				GCC_WARN_ABOUT_DEPRECATED_FUNCTIONS = YES;
				GCC_WARN_ABOUT_INVALID_OFFSETOF_MACRO = YES;
				GCC_WARN_ABOUT_MISSING_FIELD_INITIALIZERS = YES;
				GCC_WARN_ABOUT_MISSING_NEWLINE = YES;
				GCC_WARN_ABOUT_MISSING_PROTOTYPES = YES;
				GCC_WARN_ABOUT_POINTER_SIGNEDNESS = YES;
				GCC_WARN_ABOUT_RETURN_TYPE = YES_ERROR;
				GCC_WARN_ALLOW_INCOMPLETE_PROTOCOL = YES;
				GCC_WARN_CHECK_SWITCH_STATEMENTS = YES;
				GCC_WARN_FOUR_CHARACTER_CONSTANTS = YES;
				GCC_WARN_HIDDEN_VIRTUAL_FUNCTIONS = YES;
				GCC_WARN_INHIBIT_ALL_WARNINGS = NO;
				GCC_WARN_INITIALIZER_NOT_FULLY_BRACKETED = YES;
				GCC_WARN_MISSING_PARENTHESES = YES;
				GCC_WARN_NON_VIRTUAL_DESTRUCTOR = YES;
				GCC_WARN_PEDANTIC = YES;
				GCC_WARN_SHADOW = YES;
				GCC_WARN_SIGN_COMPARE = YES;
				GCC_WARN_STRICT_SELECTOR_MATCH = YES;
				GCC_WARN_TYPECHECK_CALLS_TO_PRINTF = YES;
				GCC_WARN_UNDECLARED_SELECTOR = YES;
				GCC_WARN_UNINITIALIZED_AUTOS = YES_AGGRESSIVE;
				GCC_WARN_UNKNOWN_PRAGMAS = YES;
				GCC_WARN_UNUSED_FUNCTION = YES;
				GCC_WARN_UNUSED_LABEL = YES;
				GCC_WARN_UNUSED_PARAMETER = YES;
				GCC_WARN_UNUSED_VALUE = YES;
				GCC_WARN_UNUSED_VARIABLE = YES;
				HEADER_SEARCH_PATHS = "$(SRCROOT)/Submodules/ShellKit/ShellKit/Classes/";
				LLVM_LTO = YES_THIN;
				MACOSX_DEPLOYMENT_TARGET = 10.8;
				ONLY_ACTIVE_ARCH = YES;
				RUN_CLANG_STATIC_ANALYZER = YES;
				SDKROOT = macosx;
			};
			name = Debug;
		};
		05BD89581A13FF4700A43CD8 /* Release */ = {
			isa = XCBuildConfiguration;
			buildSettings = {
				ALWAYS_SEARCH_USER_PATHS = NO;
				CLANG_ANALYZER_DEADCODE_DEADSTORES = YES;
				CLANG_ANALYZER_GCD = YES;
				CLANG_ANALYZER_LOCALIZABILITY_EMPTY_CONTEXT = YES;
				CLANG_ANALYZER_LOCALIZABILITY_NONLOCALIZED = YES;
				CLANG_ANALYZER_MEMORY_MANAGEMENT = YES;
				CLANG_ANALYZER_NONNULL = YES;
				CLANG_ANALYZER_NUMBER_OBJECT_CONVERSION = YES_AGGRESSIVE;
				CLANG_ANALYZER_OBJC_ATSYNC = YES;
				CLANG_ANALYZER_OBJC_COLLECTIONS = YES;
				CLANG_ANALYZER_OBJC_DEALLOC = YES;
				CLANG_ANALYZER_OBJC_GENERICS = YES;
				CLANG_ANALYZER_OBJC_INCOMP_METHOD_TYPES = YES;
				CLANG_ANALYZER_OBJC_NSCFERROR = YES;
				CLANG_ANALYZER_OBJC_RETAIN_COUNT = YES;
				CLANG_ANALYZER_OBJC_SELF_INIT = YES;
				CLANG_ANALYZER_OBJC_UNUSED_IVARS = YES;
				CLANG_ANALYZER_SECURITY_FLOATLOOPCOUNTER = YES;
				CLANG_ANALYZER_SECURITY_INSECUREAPI_GETPW_GETS = YES;
				CLANG_ANALYZER_SECURITY_INSECUREAPI_MKSTEMP = YES;
				CLANG_ANALYZER_SECURITY_INSECUREAPI_RAND = YES;
				CLANG_ANALYZER_SECURITY_INSECUREAPI_STRCPY = YES;
				CLANG_ANALYZER_SECURITY_INSECUREAPI_UNCHECKEDRETURN = YES;
				CLANG_ANALYZER_SECURITY_INSECUREAPI_VFORK = YES;
				CLANG_ANALYZER_SECURITY_KEYCHAIN_API = YES;
				CLANG_CXX_LANGUAGE_STANDARD = "c++0x";
				CLANG_CXX_LIBRARY = "libc++";
				CLANG_ENABLE_MODULES = NO;
				CLANG_ENABLE_OBJC_ARC = YES;
				CLANG_STATIC_ANALYZER_MODE = deep;
				CLANG_STATIC_ANALYZER_MODE_ON_ANALYZE_ACTION = deep;
				CLANG_WARN_ASSIGN_ENUM = YES;
				CLANG_WARN_BOOL_CONVERSION = YES;
				CLANG_WARN_CONSTANT_CONVERSION = YES;
				CLANG_WARN_CXX0X_EXTENSIONS = YES;
				CLANG_WARN_DEPRECATED_OBJC_IMPLEMENTATIONS = YES;
				CLANG_WARN_DIRECT_OBJC_ISA_USAGE = YES_ERROR;
				CLANG_WARN_DOCUMENTATION_COMMENTS = YES;
				CLANG_WARN_EMPTY_BODY = YES;
				CLANG_WARN_ENUM_CONVERSION = YES;
				CLANG_WARN_IMPLICIT_SIGN_CONVERSION = YES;
				CLANG_WARN_INFINITE_RECURSION = YES;
				CLANG_WARN_INT_CONVERSION = YES;
				CLANG_WARN_OBJC_EXPLICIT_OWNERSHIP_TYPE = YES;
				CLANG_WARN_OBJC_IMPLICIT_ATOMIC_PROPERTIES = YES;
				CLANG_WARN_OBJC_IMPLICIT_RETAIN_SELF = YES;
				CLANG_WARN_OBJC_MISSING_PROPERTY_SYNTHESIS = NO;
				CLANG_WARN_OBJC_REPEATED_USE_OF_WEAK = YES;
				CLANG_WARN_OBJC_ROOT_CLASS = YES_ERROR;
				CLANG_WARN_SUSPICIOUS_IMPLICIT_CONVERSION = YES;
				CLANG_WARN_SUSPICIOUS_MOVE = YES;
				CLANG_WARN_UNREACHABLE_CODE = YES;
				CLANG_WARN__ARC_BRIDGE_CAST_NONARC = YES;
				CLANG_WARN__DUPLICATE_METHOD_MATCH = YES;
				CLANG_WARN__EXIT_TIME_DESTRUCTORS = YES;
				COPY_PHASE_STRIP = YES;
				DEBUG_INFORMATION_FORMAT = "dwarf-with-dsym";
				ENABLE_NS_ASSERTIONS = NO;
				ENABLE_STRICT_OBJC_MSGSEND = YES;
				GCC_C_LANGUAGE_STANDARD = c11;
				GCC_ENABLE_CPP_EXCEPTIONS = YES;
				GCC_ENABLE_CPP_RTTI = YES;
				GCC_NO_COMMON_BLOCKS = YES;
				GCC_OPTIMIZATION_LEVEL = s;
				GCC_TREAT_IMPLICIT_FUNCTION_DECLARATIONS_AS_ERRORS = YES;
				GCC_TREAT_INCOMPATIBLE_POINTER_TYPE_WARNINGS_AS_ERRORS = YES;
				GCC_TREAT_WARNINGS_AS_ERRORS = YES;
				GCC_WARN_64_TO_32_BIT_CONVERSION = YES;
				GCC_WARN_ABOUT_DEPRECATED_FUNCTIONS = YES;
				GCC_WARN_ABOUT_INVALID_OFFSETOF_MACRO = YES;
				GCC_WARN_ABOUT_MISSING_FIELD_INITIALIZERS = YES;
				GCC_WARN_ABOUT_MISSING_NEWLINE = YES;
				GCC_WARN_ABOUT_MISSING_PROTOTYPES = YES;
				GCC_WARN_ABOUT_POINTER_SIGNEDNESS = YES;
				GCC_WARN_ABOUT_RETURN_TYPE = YES_ERROR;
				GCC_WARN_ALLOW_INCOMPLETE_PROTOCOL = YES;
				GCC_WARN_CHECK_SWITCH_STATEMENTS = YES;
				GCC_WARN_FOUR_CHARACTER_CONSTANTS = YES;
				GCC_WARN_HIDDEN_VIRTUAL_FUNCTIONS = YES;
				GCC_WARN_INHIBIT_ALL_WARNINGS = NO;
				GCC_WARN_INITIALIZER_NOT_FULLY_BRACKETED = YES;
				GCC_WARN_MISSING_PARENTHESES = YES;
				GCC_WARN_NON_VIRTUAL_DESTRUCTOR = YES;
				GCC_WARN_PEDANTIC = YES;
				GCC_WARN_SHADOW = YES;
				GCC_WARN_SIGN_COMPARE = YES;
				GCC_WARN_STRICT_SELECTOR_MATCH = YES;
				GCC_WARN_TYPECHECK_CALLS_TO_PRINTF = YES;
				GCC_WARN_UNDECLARED_SELECTOR = YES;
				GCC_WARN_UNINITIALIZED_AUTOS = YES_AGGRESSIVE;
				GCC_WARN_UNKNOWN_PRAGMAS = YES;
				GCC_WARN_UNUSED_FUNCTION = YES;
				GCC_WARN_UNUSED_LABEL = YES;
				GCC_WARN_UNUSED_PARAMETER = YES;
				GCC_WARN_UNUSED_VALUE = YES;
				GCC_WARN_UNUSED_VARIABLE = YES;
				HEADER_SEARCH_PATHS = "$(SRCROOT)/Submodules/ShellKit/ShellKit/Classes/";
				LLVM_LTO = YES_THIN;
				MACOSX_DEPLOYMENT_TARGET = 10.8;
				RUN_CLANG_STATIC_ANALYZER = YES;
				SDKROOT = macosx;
			};
			name = Release;
		};
/* End XCBuildConfiguration section */

/* Begin XCConfigurationList section */
		055FBCB81E83D9D7001301A9 /* Build configuration list for PBXNativeTarget "thx" */ = {
			isa = XCConfigurationList;
			buildConfigurations = (
				055FBCB91E83D9D7001301A9 /* Debug */,
				055FBCBA1E83D9D7001301A9 /* Release */,
			);
			defaultConfigurationIsVisible = 0;
			defaultConfigurationName = Release;
		};
		05BD894D1A13FF4700A43CD8 /* Build configuration list for PBXProject "thx" */ = {
			isa = XCConfigurationList;
			buildConfigurations = (
				05BD89571A13FF4700A43CD8 /* Debug */,
				05BD89581A13FF4700A43CD8 /* Release */,
			);
			defaultConfigurationIsVisible = 0;
			defaultConfigurationName = Release;
		};
/* End XCConfigurationList section */
	};
	rootObject = 05BD894A1A13FF4700A43CD8 /* Project object */;
}
